# This file was autogenerated by Stack.
# You should not edit this file by hand.
# For more information, please see the documentation at:
#   https://docs.haskellstack.org/en/stable/lock_files

packages:
- completed:
    commit: cf4d6f31b1751318309ddcc1c5fd8aa71a6a453a
    git: https://github.com/xmonad/xmonad.git
    name: xmonad
    pantry-tree:
      sha256: 0f141667bd9e0312278b3cf6567c9de1dc1be3a9cd95bc1183617694ee7f0e68
      size: 3770
    version: 0.17.1.9
  original:
    commit: cf4d6f31b1751318309ddcc1c5fd8aa71a6a453a
    git: https://github.com/xmonad/xmonad.git
- completed:
    commit: 8a33c4ebe7d0a1be96073d8c019f1f3901bbf344
    git: https://github.com/xmonad/X11
    name: X11
    pantry-tree:
      sha256: 3ad2be290f2328541a46748dd3332aec04d9b5d089ac13d7eed9cb6e514d013d
      size: 3651
    version: 1.10.3.9
  original:
    commit: 8a33c4ebe7d0a1be96073d8c019f1f3901bbf344
    git: https://github.com/xmonad/X11
- completed:
    hackage: xmobar-0.46@sha256:65e8683aec86e5dc23041959dc2b0803f1be4a3cacab1ed29159c0732212c273,14911
    pantry-tree:
      sha256: 0c97230f9b521b2af6237214a4ca14536a5df936835153b9768d7108ba5eb368
      size: 9769
  original:
    hackage: xmobar-0.46
- completed:
    hackage: iwlib-0.1.0@sha256:226e4582d6878166a172ff98c868e25c4ed478ab28ab493498e464b1fe19d39a,921
    pantry-tree:
      sha256: f867a93991b791adf4c65bb91f385effee7e18bd78d8e0a61fd03f42f6073705
      size: 259
  original:
    hackage: iwlib-0.1.0
- completed:
    hackage: netlink-1.1.1.0@sha256:d83424b5ba9921191449e4b1f53c7cba7f4375f2c55a9b737c77e982e1f40d00,3689
    pantry-tree:
      sha256: 42a57a2db0d8b44e04a04905ed56994b7293d2f244595bf3e65480c36d114ac3
      size: 1598
  original:
    hackage: netlink-1.1.1.0
snapshots:
- completed:
    sha256: bfafe5735ccb74527d754b1f9999ded72d7c3a6c3a88529449661431ccfbd6cc
    size: 649327
    url: https://raw.githubusercontent.com/commercialhaskell/stackage-snapshots/master/lts/20/8.yaml
  original: lts-20.8
